
Microsoft Visual Studio Solution File, Format Version 12.00
Project("{FAE04EC0-301F-11D3-BF4B-00C04F79EFBC}") = "LabaSetiChatClient", "LabaSetiChatClient\LabaSetiChatClient.csproj", "{4E2DD7E0-DEE4-4386-846B-B0E760E2E4B6}"
EndProject
Project("{FAE04EC0-301F-11D3-BF4B-00C04F79EFBC}") = "LabaSetiChatServer", "LabaSetiChatServer\LabaSetiChatServer.csproj", "{0A84F90B-242C-4A85-AB85-7F647B0F24E7}"
EndProject
Global
	GlobalSection(SolutionConfigurationPlatforms) = preSolution
		Debug|Any CPU = Debug|Any CPU
		Release|Any CPU = Release|Any CPU
	EndGlobalSection
	GlobalSection(ProjectConfigurationPlatforms) = postSolution
		{4E2DD7E0-DEE4-4386-846B-B0E760E2E4B6}.Debug|Any CPU.ActiveCfg = Debug|Any CPU
		{4E2DD7E0-DEE4-4386-846B-B0E760E2E4B6}.Debug|Any CPU.Build.0 = Debug|Any CPU
		{4E2DD7E0-DEE4-4386-846B-B0E760E2E4B6}.Release|Any CPU.ActiveCfg = Release|Any CPU
		{4E2DD7E0-DEE4-4386-846B-B0E760E2E4B6}.Release|Any CPU.Build.0 = Release|Any CPU
		{0A84F90B-242C-4A85-AB85-7F647B0F24E7}.Debug|Any CPU.ActiveCfg = Debug|Any CPU
		{0A84F90B-242C-4A85-AB85-7F647B0F24E7}.Debug|Any CPU.Build.0 = Debug|Any CPU
		{0A84F90B-242C-4A85-AB85-7F647B0F24E7}.Release|Any CPU.ActiveCfg = Release|Any CPU
		{0A84F90B-242C-4A85-AB85-7F647B0F24E7}.Release|Any CPU.Build.0 = Release|Any CPU
	EndGlobalSection
EndGlobal
